
Microsoft Visual Studio Solution File, Format Version 12.00
# Visual Studio Version 17
VisualStudioVersion = 17.5.33516.290
MinimumVisualStudioVersion = 10.0.40219.1
Project("{FAE04EC0-301F-11D3-BF4B-00C04F79EFBC}") = "Food_Fate-UI", "Food_Fate\Food_Fate-UI.csproj", "{BB3361CD-204E-4075-9B24-1B354CFE97E2}"
EndProject
Project("{FAE04EC0-301F-11D3-BF4B-00C04F79EFBC}") = "Food_Fate_BLL", "Food_Fate_BLL\Food_Fate_BLL.csproj", "{1E6F5FD9-DF8E-49C2-A628-FF850882C37D}"
EndProject
Project("{FAE04EC0-301F-11D3-BF4B-00C04F79EFBC}") = "Food_Fate_DAL", "Food_Fate_DAL\Food_Fate_DAL.csproj", "{478E7831-7400-43B0-BBCC-9740156537A8}"
EndProject
Global
	GlobalSection(SolutionConfigurationPlatforms) = preSolution
		Debug|Any CPU = Debug|Any CPU
		Release|Any CPU = Release|Any CPU
	EndGlobalSection
	GlobalSection(ProjectConfigurationPlatforms) = postSolution
		{BB3361CD-204E-4075-9B24-1B354CFE97E2}.Debug|Any CPU.ActiveCfg = Debug|Any CPU
		{BB3361CD-204E-4075-9B24-1B354CFE97E2}.Debug|Any CPU.Build.0 = Debug|Any CPU
		{BB3361CD-204E-4075-9B24-1B354CFE97E2}.Release|Any CPU.ActiveCfg = Release|Any CPU
		{BB3361CD-204E-4075-9B24-1B354CFE97E2}.Release|Any CPU.Build.0 = Release|Any CPU
		{1E6F5FD9-DF8E-49C2-A628-FF850882C37D}.Debug|Any CPU.ActiveCfg = Debug|Any CPU
		{1E6F5FD9-DF8E-49C2-A628-FF850882C37D}.Debug|Any CPU.Build.0 = Debug|Any CPU
		{1E6F5FD9-DF8E-49C2-A628-FF850882C37D}.Release|Any CPU.ActiveCfg = Release|Any CPU
		{1E6F5FD9-DF8E-49C2-A628-FF850882C37D}.Release|Any CPU.Build.0 = Release|Any CPU
		{478E7831-7400-43B0-BBCC-9740156537A8}.Debug|Any CPU.ActiveCfg = Debug|Any CPU
		{478E7831-7400-43B0-BBCC-9740156537A8}.Debug|Any CPU.Build.0 = Debug|Any CPU
		{478E7831-7400-43B0-BBCC-9740156537A8}.Release|Any CPU.ActiveCfg = Release|Any CPU
		{478E7831-7400-43B0-BBCC-9740156537A8}.Release|Any CPU.Build.0 = Release|Any CPU
	EndGlobalSection
	GlobalSection(SolutionProperties) = preSolution
		HideSolutionNode = FALSE
	EndGlobalSection
	GlobalSection(ExtensibilityGlobals) = postSolution
		SolutionGuid = {42EB61A6-5760-45DB-83A8-DEE6B3DE09EE}
	EndGlobalSection
EndGlobal
